
Microsoft Visual Studio Solution File, Format Version 12.00
# Visual Studio Version 17
VisualStudioVersion = 17.3.32929.385
MinimumVisualStudioVersion = 10.0.40219.1
Project("{FAE04EC0-301F-11D3-BF4B-00C04F79EFBC}") = "DataServices123", "DataServices123\DataServices123.csproj", "{4986609D-DBAE-49D2-9593-D97074749320}"
EndProject
Global
	GlobalSection(SolutionConfigurationPlatforms) = preSolution
		Debug|Any CPU = Debug|Any CPU
		Release|Any CPU = Release|Any CPU
	EndGlobalSection
	GlobalSection(ProjectConfigurationPlatforms) = postSolution
		{4986609D-DBAE-49D2-9593-D97074749320}.Debug|Any CPU.ActiveCfg = Debug|Any CPU
		{4986609D-DBAE-49D2-9593-D97074749320}.Debug|Any CPU.Build.0 = Debug|Any CPU
		{4986609D-DBAE-49D2-9593-D97074749320}.Release|Any CPU.ActiveCfg = Release|Any CPU
		{4986609D-DBAE-49D2-9593-D97074749320}.Release|Any CPU.Build.0 = Release|Any CPU
	EndGlobalSection
	GlobalSection(SolutionProperties) = preSolution
		HideSolutionNode = FALSE
	EndGlobalSection
	GlobalSection(ExtensibilityGlobals) = postSolution
		SolutionGuid = {7C380989-2110-4E3B-949A-ABC4DA7252A4}
	EndGlobalSection
EndGlobal
